
Microsoft Visual Studio Solution File, Format Version 12.00
# Visual Studio Version 16
VisualStudioVersion = 16.0.808.0
MinimumVisualStudioVersion = 10.0.40219.1
Project("{FAE04EC0-301F-11D3-BF4B-00C04F79EFBC}") = "XFEConnectivitySample.Android", "XFEConnectivitySample.Android\XFEConnectivitySample.Android.csproj", "{7527B2D9-FF53-41E8-B7DE-6310974AB8E0}"
EndProject
Project("{FAE04EC0-301F-11D3-BF4B-00C04F79EFBC}") = "XFEConnectivitySample.iOS", "XFEConnectivitySample.iOS\XFEConnectivitySample.iOS.csproj", "{36F6BC93-93ED-41B2-9E1D-B72DB7B9A670}"
EndProject
Project("{FAE04EC0-301F-11D3-BF4B-00C04F79EFBC}") = "XFEConnectivitySample", "XFEConnectivitySample\XFEConnectivitySample.csproj", "{262BFBDD-4598-43F1-9F9F-21ED8D19C9A1}"
EndProject
Global
	GlobalSection(SolutionConfigurationPlatforms) = preSolution
		Debug|Any CPU = Debug|Any CPU
		Release|Any CPU = Release|Any CPU
		Debug|iPhoneSimulator = Debug|iPhoneSimulator
		Release|iPhoneSimulator = Release|iPhoneSimulator
		Debug|iPhone = Debug|iPhone
		Release|iPhone = Release|iPhone
	EndGlobalSection
	GlobalSection(ProjectConfigurationPlatforms) = postSolution
		{7527B2D9-FF53-41E8-B7DE-6310974AB8E0}.Debug|Any CPU.ActiveCfg = Debug|Any CPU
		{7527B2D9-FF53-41E8-B7DE-6310974AB8E0}.Debug|Any CPU.Build.0 = Debug|Any CPU
		{7527B2D9-FF53-41E8-B7DE-6310974AB8E0}.Release|Any CPU.ActiveCfg = Release|Any CPU
		{7527B2D9-FF53-41E8-B7DE-6310974AB8E0}.Release|Any CPU.Build.0 = Release|Any CPU
		{7527B2D9-FF53-41E8-B7DE-6310974AB8E0}.Debug|iPhoneSimulator.ActiveCfg = Debug|Any CPU
		{7527B2D9-FF53-41E8-B7DE-6310974AB8E0}.Debug|iPhoneSimulator.Build.0 = Debug|Any CPU
		{7527B2D9-FF53-41E8-B7DE-6310974AB8E0}.Release|iPhoneSimulator.ActiveCfg = Release|Any CPU
		{7527B2D9-FF53-41E8-B7DE-6310974AB8E0}.Release|iPhoneSimulator.Build.0 = Release|Any CPU
		{7527B2D9-FF53-41E8-B7DE-6310974AB8E0}.Debug|iPhone.ActiveCfg = Debug|Any CPU
		{7527B2D9-FF53-41E8-B7DE-6310974AB8E0}.Debug|iPhone.Build.0 = Debug|Any CPU
		{7527B2D9-FF53-41E8-B7DE-6310974AB8E0}.Release|iPhone.ActiveCfg = Release|Any CPU
		{7527B2D9-FF53-41E8-B7DE-6310974AB8E0}.Release|iPhone.Build.0 = Release|Any CPU
		{36F6BC93-93ED-41B2-9E1D-B72DB7B9A670}.Debug|Any CPU.ActiveCfg = Debug|iPhoneSimulator
		{36F6BC93-93ED-41B2-9E1D-B72DB7B9A670}.Debug|Any CPU.Build.0 = Debug|iPhoneSimulator
		{36F6BC93-93ED-41B2-9E1D-B72DB7B9A670}.Release|Any CPU.ActiveCfg = Release|iPhoneSimulator
		{36F6BC93-93ED-41B2-9E1D-B72DB7B9A670}.Release|Any CPU.Build.0 = Release|iPhoneSimulator
		{36F6BC93-93ED-41B2-9E1D-B72DB7B9A670}.Debug|iPhoneSimulator.ActiveCfg = Debug|iPhoneSimulator
		{36F6BC93-93ED-41B2-9E1D-B72DB7B9A670}.Debug|iPhoneSimulator.Build.0 = Debug|iPhoneSimulator
		{36F6BC93-93ED-41B2-9E1D-B72DB7B9A670}.Release|iPhoneSimulator.ActiveCfg = Release|iPhoneSimulator
		{36F6BC93-93ED-41B2-9E1D-B72DB7B9A670}.Release|iPhoneSimulator.Build.0 = Release|iPhoneSimulator
		{36F6BC93-93ED-41B2-9E1D-B72DB7B9A670}.Debug|iPhone.ActiveCfg = Debug|iPhone
		{36F6BC93-93ED-41B2-9E1D-B72DB7B9A670}.Debug|iPhone.Build.0 = Debug|iPhone
		{36F6BC93-93ED-41B2-9E1D-B72DB7B9A670}.Release|iPhone.ActiveCfg = Release|iPhone
		{36F6BC93-93ED-41B2-9E1D-B72DB7B9A670}.Release|iPhone.Build.0 = Release|iPhone
		{262BFBDD-4598-43F1-9F9F-21ED8D19C9A1}.Debug|Any CPU.ActiveCfg = Debug|Any CPU
		{262BFBDD-4598-43F1-9F9F-21ED8D19C9A1}.Debug|Any CPU.Build.0 = Debug|Any CPU
		{262BFBDD-4598-43F1-9F9F-21ED8D19C9A1}.Release|Any CPU.ActiveCfg = Release|Any CPU
		{262BFBDD-4598-43F1-9F9F-21ED8D19C9A1}.Release|Any CPU.Build.0 = Release|Any CPU
		{262BFBDD-4598-43F1-9F9F-21ED8D19C9A1}.Debug|iPhoneSimulator.ActiveCfg = Debug|Any CPU
		{262BFBDD-4598-43F1-9F9F-21ED8D19C9A1}.Debug|iPhoneSimulator.Build.0 = Debug|Any CPU
		{262BFBDD-4598-43F1-9F9F-21ED8D19C9A1}.Release|iPhoneSimulator.ActiveCfg = Release|Any CPU
		{262BFBDD-4598-43F1-9F9F-21ED8D19C9A1}.Release|iPhoneSimulator.Build.0 = Release|Any CPU
		{262BFBDD-4598-43F1-9F9F-21ED8D19C9A1}.Debug|iPhone.ActiveCfg = Debug|Any CPU
		{262BFBDD-4598-43F1-9F9F-21ED8D19C9A1}.Debug|iPhone.Build.0 = Debug|Any CPU
		{262BFBDD-4598-43F1-9F9F-21ED8D19C9A1}.Release|iPhone.ActiveCfg = Release|Any CPU
		{262BFBDD-4598-43F1-9F9F-21ED8D19C9A1}.Release|iPhone.Build.0 = Release|Any CPU
	EndGlobalSection
	GlobalSection(SolutionProperties) = preSolution
		HideSolutionNode = FALSE
	EndGlobalSection
	GlobalSection(ExtensibilityGlobals) = postSolution
		SolutionGuid = {B3397ECB-DC7E-46D0-A431-F7C64D3C3796}
	EndGlobalSection
EndGlobal
